
Microsoft Visual Studio Solution File, Format Version 12.00
# Visual Studio Version 17
VisualStudioVersion = 17.7.34202.233
MinimumVisualStudioVersion = 10.0.40219.1
Project("{FAE04EC0-301F-11D3-BF4B-00C04F79EFBC}") = "StarMovie_API", "StarMovie_API\StarMovie_API.csproj", "{651E5AA7-1948-493C-A38E-3B9F755B275B}"
EndProject
Project("{FAE04EC0-301F-11D3-BF4B-00C04F79EFBC}") = "StarMovie_API_Models", "StarMovie_API_Models\StarMovie_API_Models.csproj", "{C2AF2864-8B13-46D9-A4BE-1737786E4B4C}"
EndProject
Project("{FAE04EC0-301F-11D3-BF4B-00C04F79EFBC}") = "StarMovie_API_Data", "StarMovie_API_Data\StarMovie_API_Data.csproj", "{6233796F-81DA-4BA6-BDEA-5D03EAA3701E}"
EndProject
Global
	GlobalSection(SolutionConfigurationPlatforms) = preSolution
		Debug|Any CPU = Debug|Any CPU
		Release|Any CPU = Release|Any CPU
	EndGlobalSection
	GlobalSection(ProjectConfigurationPlatforms) = postSolution
		{651E5AA7-1948-493C-A38E-3B9F755B275B}.Debug|Any CPU.ActiveCfg = Debug|Any CPU
		{651E5AA7-1948-493C-A38E-3B9F755B275B}.Debug|Any CPU.Build.0 = Debug|Any CPU
		{651E5AA7-1948-493C-A38E-3B9F755B275B}.Release|Any CPU.ActiveCfg = Release|Any CPU
		{651E5AA7-1948-493C-A38E-3B9F755B275B}.Release|Any CPU.Build.0 = Release|Any CPU
		{C2AF2864-8B13-46D9-A4BE-1737786E4B4C}.Debug|Any CPU.ActiveCfg = Debug|Any CPU
		{C2AF2864-8B13-46D9-A4BE-1737786E4B4C}.Debug|Any CPU.Build.0 = Debug|Any CPU
		{C2AF2864-8B13-46D9-A4BE-1737786E4B4C}.Release|Any CPU.ActiveCfg = Release|Any CPU
		{C2AF2864-8B13-46D9-A4BE-1737786E4B4C}.Release|Any CPU.Build.0 = Release|Any CPU
		{6233796F-81DA-4BA6-BDEA-5D03EAA3701E}.Debug|Any CPU.ActiveCfg = Debug|Any CPU
		{6233796F-81DA-4BA6-BDEA-5D03EAA3701E}.Debug|Any CPU.Build.0 = Debug|Any CPU
		{6233796F-81DA-4BA6-BDEA-5D03EAA3701E}.Release|Any CPU.ActiveCfg = Release|Any CPU
		{6233796F-81DA-4BA6-BDEA-5D03EAA3701E}.Release|Any CPU.Build.0 = Release|Any CPU
	EndGlobalSection
	GlobalSection(SolutionProperties) = preSolution
		HideSolutionNode = FALSE
	EndGlobalSection
	GlobalSection(ExtensibilityGlobals) = postSolution
		SolutionGuid = {7BB833C9-C791-40AE-B5D3-7C1B23020BEB}
	EndGlobalSection
EndGlobal
